
Microsoft Visual Studio Solution File, Format Version 12.00
# Visual Studio Version 17
VisualStudioVersion = 17.0.31903.59
MinimumVisualStudioVersion = 10.0.40219.1
Project("{FAE04EC0-301F-11D3-BF4B-00C04F79EFBC}") = "MepPanel.Core", "src\MepPanel.Core\MepPanel.Core.csproj", "{5F8FBB97-710D-4BBA-A438-1F7345105AB4}"
EndProject
Project("{FAE04EC0-301F-11D3-BF4B-00C04F79EFBC}") = "MepPanel.AutoCAD", "src\MepPanel.AutoCAD\MepPanel.AutoCAD.csproj", "{230E6AC0-8498-4492-845C-38744806A11B}"
EndProject
Project("{FAE04EC0-301F-11D3-BF4B-00C04F79EFBC}") = "MepPanel.AutoCAD.Licensing", "src\MepPanel.AutoCAD.Licensing\MepPanel.AutoCAD.Licensing.csproj", "{B2C3D4E5-F6A7-8901-BCDE-F23456789012}"
EndProject
Project("{FAE04EC0-301F-11D3-BF4B-00C04F79EFBC}") = "MepPanel.LoadTest", "src\MepPanel.LoadTest\MepPanel.LoadTest.csproj", "{A1B2C3D4-E5F6-7890-ABCD-EF1234567890}"
EndProject
Project("{FAE04EC0-301F-11D3-BF4B-00C04F79EFBC}") = "MepPanel.Tests", "tests\MepPanel.Tests\MepPanel.Tests.csproj", "{95AE2397-0FDC-479C-A701-7369FA6512ED}"
EndProject
Project("{FAE04EC0-301F-11D3-BF4B-00C04F79EFBC}") = "MepPanel.Blocks.AutoCAD", "src\MepPanel.Blocks.AutoCAD\MepPanel.Blocks.AutoCAD.csproj", "{CA956AA6-EB9D-49E2-87A3-FF3C3EBC6877}"
EndProject
Project("{FAE04EC0-301F-11D3-BF4B-00C04F79EFBC}") = "MepPanel.LicenseServer", "MepPanel.LicenseServer\MepPanel.LicenseServer.csproj", "{D4095378-F594-4E40-8386-F9952F64B4D6}"
EndProject
Global
	GlobalSection(SolutionConfigurationPlatforms) = preSolution
		Debug|Any CPU = Debug|Any CPU
		Debug|x64 = Debug|x64
		Release|Any CPU = Release|Any CPU
		Release|x64 = Release|x64
	EndGlobalSection
	GlobalSection(ProjectConfigurationPlatforms) = postSolution
		{5F8FBB97-710D-4BBA-A438-1F7345105AB4}.Debug|Any CPU.ActiveCfg = Debug|Any CPU
		{5F8FBB97-710D-4BBA-A438-1F7345105AB4}.Debug|Any CPU.Build.0 = Debug|Any CPU
		{5F8FBB97-710D-4BBA-A438-1F7345105AB4}.Debug|x64.ActiveCfg = Debug|Any CPU
		{5F8FBB97-710D-4BBA-A438-1F7345105AB4}.Debug|x64.Build.0 = Debug|Any CPU
		{5F8FBB97-710D-4BBA-A438-1F7345105AB4}.Release|Any CPU.ActiveCfg = Release|Any CPU
		{5F8FBB97-710D-4BBA-A438-1F7345105AB4}.Release|Any CPU.Build.0 = Release|Any CPU
		{5F8FBB97-710D-4BBA-A438-1F7345105AB4}.Release|x64.ActiveCfg = Release|Any CPU
		{5F8FBB97-710D-4BBA-A438-1F7345105AB4}.Release|x64.Build.0 = Release|Any CPU
		{230E6AC0-8498-4492-845C-38744806A11B}.Debug|Any CPU.ActiveCfg = Debug|x64
		{230E6AC0-8498-4492-845C-38744806A11B}.Debug|Any CPU.Build.0 = Debug|x64
		{230E6AC0-8498-4492-845C-38744806A11B}.Debug|x64.ActiveCfg = Debug|x64
		{230E6AC0-8498-4492-845C-38744806A11B}.Debug|x64.Build.0 = Debug|x64
		{230E6AC0-8498-4492-845C-38744806A11B}.Release|Any CPU.ActiveCfg = Release|x64
		{230E6AC0-8498-4492-845C-38744806A11B}.Release|Any CPU.Build.0 = Release|x64
		{230E6AC0-8498-4492-845C-38744806A11B}.Release|x64.ActiveCfg = Release|x64
		{230E6AC0-8498-4492-845C-38744806A11B}.Release|x64.Build.0 = Release|x64
		{B2C3D4E5-F6A7-8901-BCDE-F23456789012}.Debug|Any CPU.ActiveCfg = Debug|x64
		{B2C3D4E5-F6A7-8901-BCDE-F23456789012}.Debug|Any CPU.Build.0 = Debug|x64
		{B2C3D4E5-F6A7-8901-BCDE-F23456789012}.Debug|x64.ActiveCfg = Debug|x64
		{B2C3D4E5-F6A7-8901-BCDE-F23456789012}.Debug|x64.Build.0 = Debug|x64
		{B2C3D4E5-F6A7-8901-BCDE-F23456789012}.Release|Any CPU.ActiveCfg = Release|x64
		{B2C3D4E5-F6A7-8901-BCDE-F23456789012}.Release|Any CPU.Build.0 = Release|x64
		{B2C3D4E5-F6A7-8901-BCDE-F23456789012}.Release|x64.ActiveCfg = Release|x64
		{B2C3D4E5-F6A7-8901-BCDE-F23456789012}.Release|x64.Build.0 = Release|x64
		{A1B2C3D4-E5F6-7890-ABCD-EF1234567890}.Debug|Any CPU.ActiveCfg = Debug|x64
		{A1B2C3D4-E5F6-7890-ABCD-EF1234567890}.Debug|Any CPU.Build.0 = Debug|x64
		{A1B2C3D4-E5F6-7890-ABCD-EF1234567890}.Debug|x64.ActiveCfg = Debug|x64
		{A1B2C3D4-E5F6-7890-ABCD-EF1234567890}.Debug|x64.Build.0 = Debug|x64
		{A1B2C3D4-E5F6-7890-ABCD-EF1234567890}.Release|Any CPU.ActiveCfg = Release|x64
		{A1B2C3D4-E5F6-7890-ABCD-EF1234567890}.Release|Any CPU.Build.0 = Release|x64
		{A1B2C3D4-E5F6-7890-ABCD-EF1234567890}.Release|x64.ActiveCfg = Release|x64
		{A1B2C3D4-E5F6-7890-ABCD-EF1234567890}.Release|x64.Build.0 = Release|x64
		{95AE2397-0FDC-479C-A701-7369FA6512ED}.Debug|Any CPU.ActiveCfg = Debug|Any CPU
		{95AE2397-0FDC-479C-A701-7369FA6512ED}.Debug|Any CPU.Build.0 = Debug|Any CPU
		{95AE2397-0FDC-479C-A701-7369FA6512ED}.Debug|x64.ActiveCfg = Debug|Any CPU
		{95AE2397-0FDC-479C-A701-7369FA6512ED}.Debug|x64.Build.0 = Debug|Any CPU
		{95AE2397-0FDC-479C-A701-7369FA6512ED}.Release|Any CPU.ActiveCfg = Release|Any CPU
		{95AE2397-0FDC-479C-A701-7369FA6512ED}.Release|Any CPU.Build.0 = Release|Any CPU
		{95AE2397-0FDC-479C-A701-7369FA6512ED}.Release|x64.ActiveCfg = Release|Any CPU
		{95AE2397-0FDC-479C-A701-7369FA6512ED}.Release|x64.Build.0 = Release|Any CPU
		{CA956AA6-EB9D-49E2-87A3-FF3C3EBC6877}.Debug|Any CPU.ActiveCfg = Debug|Any CPU
		{CA956AA6-EB9D-49E2-87A3-FF3C3EBC6877}.Debug|Any CPU.Build.0 = Debug|Any CPU
		{CA956AA6-EB9D-49E2-87A3-FF3C3EBC6877}.Debug|x64.ActiveCfg = Debug|Any CPU
		{CA956AA6-EB9D-49E2-87A3-FF3C3EBC6877}.Debug|x64.Build.0 = Debug|Any CPU
		{CA956AA6-EB9D-49E2-87A3-FF3C3EBC6877}.Release|Any CPU.ActiveCfg = Release|Any CPU
		{CA956AA6-EB9D-49E2-87A3-FF3C3EBC6877}.Release|Any CPU.Build.0 = Release|Any CPU
		{CA956AA6-EB9D-49E2-87A3-FF3C3EBC6877}.Release|x64.ActiveCfg = Release|Any CPU
		{CA956AA6-EB9D-49E2-87A3-FF3C3EBC6877}.Release|x64.Build.0 = Release|Any CPU
		{D4095378-F594-4E40-8386-F9952F64B4D6}.Debug|Any CPU.ActiveCfg = Debug|Any CPU
		{D4095378-F594-4E40-8386-F9952F64B4D6}.Debug|Any CPU.Build.0 = Debug|Any CPU
		{D4095378-F594-4E40-8386-F9952F64B4D6}.Debug|x64.ActiveCfg = Debug|Any CPU
		{D4095378-F594-4E40-8386-F9952F64B4D6}.Debug|x64.Build.0 = Debug|Any CPU
		{D4095378-F594-4E40-8386-F9952F64B4D6}.Release|Any CPU.ActiveCfg = Release|Any CPU
		{D4095378-F594-4E40-8386-F9952F64B4D6}.Release|Any CPU.Build.0 = Release|Any CPU
		{D4095378-F594-4E40-8386-F9952F64B4D6}.Release|x64.ActiveCfg = Release|Any CPU
		{D4095378-F594-4E40-8386-F9952F64B4D6}.Release|x64.Build.0 = Release|Any CPU
	EndGlobalSection
	GlobalSection(SolutionProperties) = preSolution
		HideSolutionNode = FALSE
	EndGlobalSection
EndGlobal
